{
  "pins" : [
    {
      "identity" : "preview-switcher",
      "kind" : "remoteSourceControl",
      "location" : "https://github.com/yury-potapov/preview-switcher",
      "state" : {
        "branch" : "main",
        "revision" : "a4d8506951918d6490565f66cc5d56c987a1af27"
      }
    }
  ],
  "version" : 2
}
